
Microsoft Visual Studio Solution File, Format Version 12.00
# Visual Studio Version 17
VisualStudioVersion = 17.4.33110.190
MinimumVisualStudioVersion = 10.0.40219.1
Project("{FAE04EC0-301F-11D3-BF4B-00C04F79EFBC}") = "Delegeler", "Delegeler\Delegeler.csproj", "{BB19A791-50AD-47F9-97CB-F2EAD1620BDC}"
EndProject
Global
	GlobalSection(SolutionConfigurationPlatforms) = preSolution
		Debug|Any CPU = Debug|Any CPU
		Release|Any CPU = Release|Any CPU
	EndGlobalSection
	GlobalSection(ProjectConfigurationPlatforms) = postSolution
		{BB19A791-50AD-47F9-97CB-F2EAD1620BDC}.Debug|Any CPU.ActiveCfg = Debug|Any CPU
		{BB19A791-50AD-47F9-97CB-F2EAD1620BDC}.Debug|Any CPU.Build.0 = Debug|Any CPU
		{BB19A791-50AD-47F9-97CB-F2EAD1620BDC}.Release|Any CPU.ActiveCfg = Release|Any CPU
		{BB19A791-50AD-47F9-97CB-F2EAD1620BDC}.Release|Any CPU.Build.0 = Release|Any CPU
	EndGlobalSection
	GlobalSection(SolutionProperties) = preSolution
		HideSolutionNode = FALSE
	EndGlobalSection
	GlobalSection(ExtensibilityGlobals) = postSolution
		SolutionGuid = {22068CBE-4332-43AA-9791-E4B3910A2E11}
	EndGlobalSection
EndGlobal
