
Microsoft Visual Studio Solution File, Format Version 12.00
# Visual Studio Version 17
VisualStudioVersion = 17.4.33110.190
MinimumVisualStudioVersion = 10.0.40219.1
Project("{FAE04EC0-301F-11D3-BF4B-00C04F79EFBC}") = "Interfaces", "Interfaces\Interfaces.csproj", "{EFF41BEA-F29A-4F22-AEAB-A7045A868B30}"
EndProject
Global
	GlobalSection(SolutionConfigurationPlatforms) = preSolution
		Debug|Any CPU = Debug|Any CPU
		Release|Any CPU = Release|Any CPU
	EndGlobalSection
	GlobalSection(ProjectConfigurationPlatforms) = postSolution
		{EFF41BEA-F29A-4F22-AEAB-A7045A868B30}.Debug|Any CPU.ActiveCfg = Debug|Any CPU
		{EFF41BEA-F29A-4F22-AEAB-A7045A868B30}.Debug|Any CPU.Build.0 = Debug|Any CPU
		{EFF41BEA-F29A-4F22-AEAB-A7045A868B30}.Release|Any CPU.ActiveCfg = Release|Any CPU
		{EFF41BEA-F29A-4F22-AEAB-A7045A868B30}.Release|Any CPU.Build.0 = Release|Any CPU
	EndGlobalSection
	GlobalSection(SolutionProperties) = preSolution
		HideSolutionNode = FALSE
	EndGlobalSection
	GlobalSection(ExtensibilityGlobals) = postSolution
		SolutionGuid = {D65401FD-93AA-4E56-932D-C197C07E1A6F}
	EndGlobalSection
EndGlobal
